
Microsoft Visual Studio Solution File, Format Version 12.00
# Visual Studio Version 17
VisualStudioVersion = 17.14.36518.9
MinimumVisualStudioVersion = 10.0.40219.1
Project("{FAE04EC0-301F-11D3-BF4B-00C04F79EFBC}") = "WpfDem", "WpfDem\WpfDem.csproj", "{5E7C59A5-F2C6-43BD-A9EC-83CA9A679693}"
EndProject
Global
	GlobalSection(SolutionConfigurationPlatforms) = preSolution
		Debug|Any CPU = Debug|Any CPU
		Release|Any CPU = Release|Any CPU
	EndGlobalSection
	GlobalSection(ProjectConfigurationPlatforms) = postSolution
		{5E7C59A5-F2C6-43BD-A9EC-83CA9A679693}.Debug|Any CPU.ActiveCfg = Debug|Any CPU
		{5E7C59A5-F2C6-43BD-A9EC-83CA9A679693}.Debug|Any CPU.Build.0 = Debug|Any CPU
		{5E7C59A5-F2C6-43BD-A9EC-83CA9A679693}.Release|Any CPU.ActiveCfg = Release|Any CPU
		{5E7C59A5-F2C6-43BD-A9EC-83CA9A679693}.Release|Any CPU.Build.0 = Release|Any CPU
	EndGlobalSection
	GlobalSection(SolutionProperties) = preSolution
		HideSolutionNode = FALSE
	EndGlobalSection
	GlobalSection(ExtensibilityGlobals) = postSolution
		SolutionGuid = {8668524A-1192-4D57-84CA-5CBF048AC982}
	EndGlobalSection
EndGlobal
